
Microsoft Visual Studio Solution File, Format Version 12.00
# Visual Studio Version 17
VisualStudioVersion = 17.13.35931.197 d17.13
MinimumVisualStudioVersion = 10.0.40219.1
Project("{FAE04EC0-301F-11D3-BF4B-00C04F79EFBC}") = "ZentrixLabs.WustatusBeacon", "ZentrixLabs.WustatusBeacon\ZentrixLabs.WustatusBeacon.csproj", "{C09FCB1F-7241-4F50-A4AC-619F8C42C7D5}"
EndProject
Project("{8BC9CEB8-8B4A-11D0-8D11-00A0C91BC942}") = "ZentrixLabs.WustatusBeaconInstaller", "WustatusBeaconInstaller\WustatusBeaconInstaller.vcxproj", "{30233CCA-A255-41F9-8088-5938F35E4F23}"
EndProject
Global
	GlobalSection(SolutionConfigurationPlatforms) = preSolution
		Debug|Any CPU = Debug|Any CPU
		Debug|x64 = Debug|x64
		Debug|x86 = Debug|x86
		Release|Any CPU = Release|Any CPU
		Release|x64 = Release|x64
		Release|x86 = Release|x86
	EndGlobalSection
	GlobalSection(ProjectConfigurationPlatforms) = postSolution
		{C09FCB1F-7241-4F50-A4AC-619F8C42C7D5}.Debug|Any CPU.ActiveCfg = Debug|Any CPU
		{C09FCB1F-7241-4F50-A4AC-619F8C42C7D5}.Debug|Any CPU.Build.0 = Debug|Any CPU
		{C09FCB1F-7241-4F50-A4AC-619F8C42C7D5}.Debug|x64.ActiveCfg = Debug|Any CPU
		{C09FCB1F-7241-4F50-A4AC-619F8C42C7D5}.Debug|x64.Build.0 = Debug|Any CPU
		{C09FCB1F-7241-4F50-A4AC-619F8C42C7D5}.Debug|x86.ActiveCfg = Debug|Any CPU
		{C09FCB1F-7241-4F50-A4AC-619F8C42C7D5}.Debug|x86.Build.0 = Debug|Any CPU
		{C09FCB1F-7241-4F50-A4AC-619F8C42C7D5}.Release|Any CPU.ActiveCfg = Release|Any CPU
		{C09FCB1F-7241-4F50-A4AC-619F8C42C7D5}.Release|Any CPU.Build.0 = Release|Any CPU
		{C09FCB1F-7241-4F50-A4AC-619F8C42C7D5}.Release|x64.ActiveCfg = Release|Any CPU
		{C09FCB1F-7241-4F50-A4AC-619F8C42C7D5}.Release|x64.Build.0 = Release|Any CPU
		{C09FCB1F-7241-4F50-A4AC-619F8C42C7D5}.Release|x86.ActiveCfg = Release|Any CPU
		{C09FCB1F-7241-4F50-A4AC-619F8C42C7D5}.Release|x86.Build.0 = Release|Any CPU
		{30233CCA-A255-41F9-8088-5938F35E4F23}.Debug|Any CPU.ActiveCfg = Debug|x64
		{30233CCA-A255-41F9-8088-5938F35E4F23}.Debug|Any CPU.Build.0 = Debug|x64
		{30233CCA-A255-41F9-8088-5938F35E4F23}.Debug|x64.ActiveCfg = Debug|x64
		{30233CCA-A255-41F9-8088-5938F35E4F23}.Debug|x64.Build.0 = Debug|x64
		{30233CCA-A255-41F9-8088-5938F35E4F23}.Debug|x86.ActiveCfg = Debug|Win32
		{30233CCA-A255-41F9-8088-5938F35E4F23}.Debug|x86.Build.0 = Debug|Win32
		{30233CCA-A255-41F9-8088-5938F35E4F23}.Release|Any CPU.ActiveCfg = Release|x64
		{30233CCA-A255-41F9-8088-5938F35E4F23}.Release|Any CPU.Build.0 = Release|x64
		{30233CCA-A255-41F9-8088-5938F35E4F23}.Release|x64.ActiveCfg = Release|x64
		{30233CCA-A255-41F9-8088-5938F35E4F23}.Release|x64.Build.0 = Release|x64
		{30233CCA-A255-41F9-8088-5938F35E4F23}.Release|x86.ActiveCfg = Release|Win32
		{30233CCA-A255-41F9-8088-5938F35E4F23}.Release|x86.Build.0 = Release|Win32
	EndGlobalSection
	GlobalSection(SolutionProperties) = preSolution
		HideSolutionNode = FALSE
	EndGlobalSection
	GlobalSection(ExtensibilityGlobals) = postSolution
		SolutionGuid = {2E1A9636-3E59-42DE-8FD9-E46359B45019}
	EndGlobalSection
EndGlobal
